
Microsoft Visual Studio Solution File, Format Version 12.00
# Visual Studio 14
VisualStudioVersion = 14.0.25420.1
MinimumVisualStudioVersion = 10.0.40219.1
Project("{FAE04EC0-301F-11D3-BF4B-00C04F79EFBC}") = "SIF.Portal", "SIF.Portal\SIF.Portal.csproj", "{A71195D7-0688-44F9-A719-A7FC58DFE88F}"
EndProject
Global
	GlobalSection(SolutionConfigurationPlatforms) = preSolution
		Debug|Any CPU = Debug|Any CPU
		Release|Any CPU = Release|Any CPU
	EndGlobalSection
	GlobalSection(ProjectConfigurationPlatforms) = postSolution
		{A71195D7-0688-44F9-A719-A7FC58DFE88F}.Debug|Any CPU.ActiveCfg = Debug|Any CPU
		{A71195D7-0688-44F9-A719-A7FC58DFE88F}.Debug|Any CPU.Build.0 = Debug|Any CPU
		{A71195D7-0688-44F9-A719-A7FC58DFE88F}.Release|Any CPU.ActiveCfg = Release|Any CPU
		{A71195D7-0688-44F9-A719-A7FC58DFE88F}.Release|Any CPU.Build.0 = Release|Any CPU
	EndGlobalSection
	GlobalSection(SolutionProperties) = preSolution
		HideSolutionNode = FALSE
	EndGlobalSection
EndGlobal
